
Microsoft Visual Studio Solution File, Format Version 12.00
# Visual Studio Version 17
VisualStudioVersion = 17.4.33205.214
MinimumVisualStudioVersion = 10.0.40219.1
Project("{9A19103F-16F7-4668-BE54-9A1E7A4F7556}") = "kudlaty1.Module", "kudlaty1.Module\kudlaty1.Module.csproj", "{6A9BA730-7A8B-45BE-9F66-83D34880F95C}"
EndProject
Project("{9A19103F-16F7-4668-BE54-9A1E7A4F7556}") = "kudlaty1.Blazor.Server", "kudlaty1.Blazor.Server\kudlaty1.Blazor.Server.csproj", "{62718976-FB05-472D-A13A-C729A17B7C62}"
EndProject
Global
	GlobalSection(SolutionConfigurationPlatforms) = preSolution
		Debug|Any CPU = Debug|Any CPU
		EasyTest|Any CPU = EasyTest|Any CPU
		Release|Any CPU = Release|Any CPU
	EndGlobalSection
	GlobalSection(ProjectConfigurationPlatforms) = postSolution
		{6A9BA730-7A8B-45BE-9F66-83D34880F95C}.Debug|Any CPU.ActiveCfg = Debug|Any CPU
		{6A9BA730-7A8B-45BE-9F66-83D34880F95C}.Debug|Any CPU.Build.0 = Debug|Any CPU
		{6A9BA730-7A8B-45BE-9F66-83D34880F95C}.EasyTest|Any CPU.ActiveCfg = EasyTest|Any CPU
		{6A9BA730-7A8B-45BE-9F66-83D34880F95C}.EasyTest|Any CPU.Build.0 = EasyTest|Any CPU
		{6A9BA730-7A8B-45BE-9F66-83D34880F95C}.Release|Any CPU.ActiveCfg = Release|Any CPU
		{6A9BA730-7A8B-45BE-9F66-83D34880F95C}.Release|Any CPU.Build.0 = Release|Any CPU
		{62718976-FB05-472D-A13A-C729A17B7C62}.Debug|Any CPU.ActiveCfg = Debug|Any CPU
		{62718976-FB05-472D-A13A-C729A17B7C62}.Debug|Any CPU.Build.0 = Debug|Any CPU
		{62718976-FB05-472D-A13A-C729A17B7C62}.EasyTest|Any CPU.ActiveCfg = EasyTest|Any CPU
		{62718976-FB05-472D-A13A-C729A17B7C62}.EasyTest|Any CPU.Build.0 = EasyTest|Any CPU
		{62718976-FB05-472D-A13A-C729A17B7C62}.Release|Any CPU.ActiveCfg = Release|Any CPU
		{62718976-FB05-472D-A13A-C729A17B7C62}.Release|Any CPU.Build.0 = Release|Any CPU
	EndGlobalSection
	GlobalSection(SolutionProperties) = preSolution
		HideSolutionNode = FALSE
	EndGlobalSection
	GlobalSection(ExtensibilityGlobals) = postSolution
		SolutionGuid = {17C491A7-D685-4D01-80B8-7043FD3E7043}
	EndGlobalSection
EndGlobal
